{
    "_readme": [
        "This file locks the dependencies of your project to a known state",
        "Read more about it at https://getcomposer.org/doc/01-basic-usage.md#installing-dependencies",
        "This file is @generated automatically"
    ],
    "content-hash": "3b005e3ed1f9eedf7bc9c0e0ac1f7cb2",
    "packages": [
        {
            "name": "delight-im/auth",
            "version": "dev-master",
            "source": {
                "type": "git",
                "url": "https://github.com/delight-im/PHP-Auth.git",
                "reference": "1757ad3fd1eb06a014e78672749360b92be7d397"
            },
            "dist": {
                "type": "zip",
                "url": "https://api.github.com/repos/delight-im/PHP-Auth/zipball/1757ad3fd1eb06a014e78672749360b92be7d397",
                "reference": "1757ad3fd1eb06a014e78672749360b92be7d397",
                "shasum": ""
            },
            "require": {
                "delight-im/base64": "^1.0",
                "delight-im/cookie": "^3.1",
                "delight-im/db": "^1.3",
                "ext-openssl": "*",
                "php": ">=5.6.0"
            },
            "type": "library",
            "autoload": {
                "psr-4": {
                    "Delight\\Auth\\": "src/"
                }
            },
            "notification-url": "https://packagist.org/downloads/",
            "license": [
                "MIT"
            ],
            "description": "Authentication for PHP. Simple, lightweight and secure.",
            "homepage": "https://github.com/delight-im/PHP-Auth",
            "keywords": [
                "Authentication",
                "auth",
                "login",
                "security"
            ],
            "time": "2019-07-28T15:44:37+00:00"
        },
        {
            "name": "delight-im/base64",
            "version": "v1.0.0",
            "source": {
                "type": "git",
                "url": "https://github.com/delight-im/PHP-Base64.git",
                "reference": "687b2a49f663e162030a8d27b32838bbe7f91c78"
            },
            "dist": {
                "type": "zip",
                "url": "https://api.github.com/repos/delight-im/PHP-Base64/zipball/687b2a49f663e162030a8d27b32838bbe7f91c78",
                "reference": "687b2a49f663e162030a8d27b32838bbe7f91c78",
                "shasum": ""
            },
            "require": {
                "php": ">=5.3.0"
            },
            "type": "library",
            "autoload": {
                "psr-4": {
                    "Delight\\Base64\\": "src/"
                }
            },
            "notification-url": "https://packagist.org/downloads/",
            "license": [
                "MIT"
            ],
            "description": "Simple and convenient Base64 encoding and decoding for PHP",
            "homepage": "https://github.com/delight-im/PHP-Base64",
            "keywords": [
                "URL-safe",
                "base-64",
                "base64",
                "decode",
                "decoding",
                "encode",
                "encoding",
                "url"
            ],
            "time": "2017-07-24T18:59:51+00:00"
        },
        {
            "name": "delight-im/cookie",
            "version": "v3.1.2",
            "source": {
                "type": "git",
                "url": "https://github.com/delight-im/PHP-Cookie.git",
                "reference": "b3ca3233dd1e1e91efb259b9b717a1c941d67ecc"
            },
            "dist": {
                "type": "zip",
                "url": "https://api.github.com/repos/delight-im/PHP-Cookie/zipball/b3ca3233dd1e1e91efb259b9b717a1c941d67ecc",
                "reference": "b3ca3233dd1e1e91efb259b9b717a1c941d67ecc",
                "shasum": ""
            },
            "require": {
                "delight-im/http": "^2.0",
                "php": ">=5.4.0"
            },
            "type": "library",
            "autoload": {
                "psr-4": {
                    "Delight\\Cookie\\": "src/"
                }
            },
            "notification-url": "https://packagist.org/downloads/",
            "license": [
                "MIT"
            ],
            "description": "Modern cookie management for PHP",
            "homepage": "https://github.com/delight-im/PHP-Cookie",
            "keywords": [
                "cookie",
                "cookies",
                "csrf",
                "http",
                "same-site",
                "samesite",
                "xss"
            ],
            "time": "2018-10-11T17:27:45+00:00"
        },
        {
            "name": "delight-im/db",
            "version": "v1.3.0",
            "source": {
                "type": "git",
                "url": "https://github.com/delight-im/PHP-DB.git",
                "reference": "7a03da20b5592fa445c10cd6c7245d51037292c4"
            },
            "dist": {
                "type": "zip",
                "url": "https://api.github.com/repos/delight-im/PHP-DB/zipball/7a03da20b5592fa445c10cd6c7245d51037292c4",
                "reference": "7a03da20b5592fa445c10cd6c7245d51037292c4",
                "shasum": ""
            },
            "require": {
                "ext-pdo": "*",
                "php": ">=5.6.0"
            },
            "type": "library",
            "autoload": {
                "psr-4": {
                    "Delight\\Db\\": "src/"
                }
            },
            "notification-url": "https://packagist.org/downloads/",
            "license": [
                "MIT"
            ],
            "description": "Safe and convenient SQL database access in a driver-agnostic way",
            "homepage": "https://github.com/delight-im/PHP-DB",
            "keywords": [
                "database",
                "mysql",
                "pdo",
                "pgsql",
                "postgresql",
                "sql",
                "sqlite"
            ],
            "time": "2018-08-28T18:23:01+00:00"
        },
        {
            "name": "delight-im/http",
            "version": "v2.0.0",
            "source": {
                "type": "git",
                "url": "https://github.com/delight-im/PHP-HTTP.git",
                "reference": "0a19a72a7eac8b1301aa972fb20cff494ac43e09"
            },
            "dist": {
                "type": "zip",
                "url": "https://api.github.com/repos/delight-im/PHP-HTTP/zipball/0a19a72a7eac8b1301aa972fb20cff494ac43e09",
                "reference": "0a19a72a7eac8b1301aa972fb20cff494ac43e09",
                "shasum": ""
            },
            "require": {
                "php": ">=5.3.0"
            },
            "type": "library",
            "autoload": {
                "psr-4": {
                    "Delight\\Http\\": "src/"
                }
            },
            "notification-url": "https://packagist.org/downloads/",
            "license": [
                "MIT"
            ],
            "description": "Hypertext Transfer Protocol (HTTP) utilities for PHP",
            "homepage": "https://github.com/delight-im/PHP-HTTP",
            "keywords": [
                "headers",
                "http",
                "https"
            ],
            "time": "2016-07-21T15:05:01+00:00"
        },
        {
            "name": "guzzlehttp/guzzle",
            "version": "dev-master",
            "source": {
                "type": "git",
                "url": "https://github.com/guzzle/guzzle.git",
                "reference": "df36d8dae3979cf927d5bbbed6f0427f39aadfec"
            },
            "dist": {
                "type": "zip",
                "url": "https://api.github.com/repos/guzzle/guzzle/zipball/df36d8dae3979cf927d5bbbed6f0427f39aadfec",
                "reference": "df36d8dae3979cf927d5bbbed6f0427f39aadfec",
                "shasum": ""
            },
            "require": {
                "ext-json": "*",
                "guzzlehttp/promises": "^1.0",
                "guzzlehttp/psr7": "^1.6.1",
                "php": ">=5.5"
            },
            "require-dev": {
                "ext-curl": "*",
                "phpunit/phpunit": "^4.8.35 || ^5.7 || ^6.4 || ^7.0",
                "psr/log": "^1.1"
            },
            "suggest": {
                "psr/log": "Required for using the Log middleware"
            },
            "type": "library",
            "extra": {
                "branch-alias": {
                    "dev-master": "6.5-dev"
                }
            },
            "autoload": {
                "psr-4": {
                    "GuzzleHttp\\": "src/"
                },
                "files": [
                    "src/functions_include.php"
                ]
            },
            "notification-url": "https://packagist.org/downloads/",
            "license": [
                "MIT"
            ],
            "authors": [
                {
                    "name": "Michael Dowling",
                    "email": "mtdowling@gmail.com",
                    "homepage": "https://github.com/mtdowling"
                }
            ],
            "description": "Guzzle is a PHP HTTP client library",
            "homepage": "http://guzzlephp.org/",
            "keywords": [
                "client",
                "curl",
                "framework",
                "http",
                "http client",
                "rest",
                "web service"
            ],
            "time": "2019-10-30T11:22:04+00:00"
        },
        {
            "name": "guzzlehttp/promises",
            "version": "dev-master",
            "source": {
                "type": "git",
                "url": "https://github.com/guzzle/promises.git",
                "reference": "17d36ed176c998839582c739ce0753381598edf0"
            },
            "dist": {
                "type": "zip",
                "url": "https://api.github.com/repos/guzzle/promises/zipball/17d36ed176c998839582c739ce0753381598edf0",
                "reference": "17d36ed176c998839582c739ce0753381598edf0",
                "shasum": ""
            },
            "require": {
                "php": ">=5.6"
            },
            "require-dev": {
                "phpunit/phpunit": "^5.7.27 || ^7.5"
            },
            "type": "library",
            "extra": {
                "branch-alias": {
                    "dev-master": "1.4-dev"
                }
            },
            "autoload": {
                "psr-4": {
                    "GuzzleHttp\\Promise\\": "src/"
                },
                "files": [
                    "src/functions_include.php"
                ]
            },
            "notification-url": "https://packagist.org/downloads/",
            "license": [
                "MIT"
            ],
            "authors": [
                {
                    "name": "Michael Dowling",
                    "email": "mtdowling@gmail.com",
                    "homepage": "https://github.com/mtdowling"
                }
            ],
            "description": "Guzzle promises library",
            "keywords": [
                "promise"
            ],
            "time": "2019-07-02T14:54:06+00:00"
        },
        {
            "name": "guzzlehttp/psr7",
            "version": "1.x-dev",
            "source": {
                "type": "git",
                "url": "https://github.com/guzzle/psr7.git",
                "reference": "2595b33c1c924889b474d324f3d719fa40b6954e"
            },
            "dist": {
                "type": "zip",
                "url": "https://api.github.com/repos/guzzle/psr7/zipball/2595b33c1c924889b474d324f3d719fa40b6954e",
                "reference": "2595b33c1c924889b474d324f3d719fa40b6954e",
                "shasum": ""
            },
            "require": {
                "php": ">=5.4.0",
                "psr/http-message": "~1.0",
                "ralouphie/getallheaders": "^2.0.5 || ^3.0.0"
            },
            "provide": {
                "psr/http-message-implementation": "1.0"
            },
            "require-dev": {
                "ext-zlib": "*",
                "phpunit/phpunit": "~4.8.36 || ^5.7.27 || ^6.5.8"
            },
            "suggest": {
                "zendframework/zend-httphandlerrunner": "Emit PSR-7 responses"
            },
            "type": "library",
            "extra": {
                "branch-alias": {
                    "dev-master": "1.6-dev"
                }
            },
            "autoload": {
                "psr-4": {
                    "GuzzleHttp\\Psr7\\": "src/"
                },
                "files": [
                    "src/functions_include.php"
                ]
            },
            "notification-url": "https://packagist.org/downloads/",
            "license": [
                "MIT"
            ],
            "authors": [
                {
                    "name": "Michael Dowling",
                    "email": "mtdowling@gmail.com",
                    "homepage": "https://github.com/mtdowling"
                },
                {
                    "name": "Tobias Schultze",
                    "homepage": "https://github.com/Tobion"
                }
            ],
            "description": "PSR-7 message implementation that also provides common utility methods",
            "keywords": [
                "http",
                "message",
                "psr-7",
                "request",
                "response",
                "stream",
                "uri",
                "url"
            ],
            "time": "2019-08-13T16:05:52+00:00"
        },
        {
            "name": "kunalvarma05/dropbox-php-sdk",
            "version": "dev-master",
            "source": {
                "type": "git",
                "url": "https://github.com/kunalvarma05/dropbox-php-sdk.git",
                "reference": "f8ab4d32fb832ea18a20ac8fbba76f675e7a6fff"
            },
            "dist": {
                "type": "zip",
                "url": "https://api.github.com/repos/kunalvarma05/dropbox-php-sdk/zipball/f8ab4d32fb832ea18a20ac8fbba76f675e7a6fff",
                "reference": "f8ab4d32fb832ea18a20ac8fbba76f675e7a6fff",
                "shasum": ""
            },
            "require": {
                "guzzlehttp/guzzle": "~6.0",
                "tightenco/collect": "^5.2"
            },
            "require-dev": {
                "phpunit/phpunit": "^6.0"
            },
            "type": "library",
            "autoload": {
                "psr-4": {
                    "Kunnu\\Dropbox\\": "src/Dropbox"
                }
            },
            "notification-url": "https://packagist.org/downloads/",
            "license": [
                "MIT"
            ],
            "authors": [
                {
                    "name": "Kunal Varma",
                    "email": "kunalvarma05@gmail.com"
                }
            ],
            "description": "Dropbox PHP API V2 SDK (Unofficial)",
            "keywords": [
                "api",
                "client",
                "dropbox",
                "php",
                "sdk",
                "unofficial"
            ],
            "time": "2017-10-06T17:51:39+00:00"
        },
        {
            "name": "phpmailer/phpmailer",
            "version": "v6.1.3",
            "source": {
                "type": "git",
                "url": "https://github.com/PHPMailer/PHPMailer.git",
                "reference": "a25ae38e03de4ee4031725498a600012364787c7"
            },
            "dist": {
                "type": "zip",
                "url": "https://api.github.com/repos/PHPMailer/PHPMailer/zipball/a25ae38e03de4ee4031725498a600012364787c7",
                "reference": "a25ae38e03de4ee4031725498a600012364787c7",
                "shasum": ""
            },
            "require": {
                "ext-ctype": "*",
                "ext-filter": "*",
                "php": ">=5.5.0"
            },
            "require-dev": {
                "doctrine/annotations": "^1.2",
                "friendsofphp/php-cs-fixer": "^2.2",
                "phpunit/phpunit": "^4.8 || ^5.7"
            },
            "suggest": {
                "ext-mbstring": "Needed to send email in multibyte encoding charset",
                "hayageek/oauth2-yahoo": "Needed for Yahoo XOAUTH2 authentication",
                "league/oauth2-google": "Needed for Google XOAUTH2 authentication",
                "psr/log": "For optional PSR-3 debug logging",
                "stevenmaguire/oauth2-microsoft": "Needed for Microsoft XOAUTH2 authentication",
                "symfony/polyfill-mbstring": "To support UTF-8 if the Mbstring PHP extension is not enabled (^1.2)"
            },
            "type": "library",
            "autoload": {
                "psr-4": {
                    "PHPMailer\\PHPMailer\\": "src/"
                }
            },
            "notification-url": "https://packagist.org/downloads/",
            "license": [
                "LGPL-2.1-only"
            ],
            "authors": [
                {
                    "name": "Marcus Bointon",
                    "email": "phpmailer@synchromedia.co.uk"
                },
                {
                    "name": "Jim Jagielski",
                    "email": "jimjag@gmail.com"
                },
                {
                    "name": "Andy Prevost",
                    "email": "codeworxtech@users.sourceforge.net"
                },
                {
                    "name": "Brent R. Matzelle"
                }
            ],
            "description": "PHPMailer is a full-featured email creation and transfer class for PHP",
            "time": "2019-11-21T09:37:46+00:00"
        },
        {
            "name": "psr/http-message",
            "version": "dev-master",
            "source": {
                "type": "git",
                "url": "https://github.com/php-fig/http-message.git",
                "reference": "efd67d1dc14a7ef4fc4e518e7dee91c271d524e4"
            },
            "dist": {
                "type": "zip",
                "url": "https://api.github.com/repos/php-fig/http-message/zipball/efd67d1dc14a7ef4fc4e518e7dee91c271d524e4",
                "reference": "efd67d1dc14a7ef4fc4e518e7dee91c271d524e4",
                "shasum": ""
            },
            "require": {
                "php": ">=5.3.0"
            },
            "type": "library",
            "extra": {
                "branch-alias": {
                    "dev-master": "1.0.x-dev"
                }
            },
            "autoload": {
                "psr-4": {
                    "Psr\\Http\\Message\\": "src/"
                }
            },
            "notification-url": "https://packagist.org/downloads/",
            "license": [
                "MIT"
            ],
            "authors": [
                {
                    "name": "PHP-FIG",
                    "homepage": "http://www.php-fig.org/"
                }
            ],
            "description": "Common interface for HTTP messages",
            "homepage": "https://github.com/php-fig/http-message",
            "keywords": [
                "http",
                "http-message",
                "psr",
                "psr-7",
                "request",
                "response"
            ],
            "time": "2019-08-29T13:16:46+00:00"
        },
        {
            "name": "ralouphie/getallheaders",
            "version": "3.0.3",
            "source": {
                "type": "git",
                "url": "https://github.com/ralouphie/getallheaders.git",
                "reference": "120b605dfeb996808c31b6477290a714d356e822"
            },
            "dist": {
                "type": "zip",
                "url": "https://api.github.com/repos/ralouphie/getallheaders/zipball/120b605dfeb996808c31b6477290a714d356e822",
                "reference": "120b605dfeb996808c31b6477290a714d356e822",
                "shasum": ""
            },
            "require": {
                "php": ">=5.6"
            },
            "require-dev": {
                "php-coveralls/php-coveralls": "^2.1",
                "phpunit/phpunit": "^5 || ^6.5"
            },
            "type": "library",
            "autoload": {
                "files": [
                    "src/getallheaders.php"
                ]
            },
            "notification-url": "https://packagist.org/downloads/",
            "license": [
                "MIT"
            ],
            "authors": [
                {
                    "name": "Ralph Khattar",
                    "email": "ralph.khattar@gmail.com"
                }
            ],
            "description": "A polyfill for getallheaders.",
            "time": "2019-03-08T08:55:37+00:00"
        },
        {
            "name": "symfony/polyfill-mbstring",
            "version": "dev-master",
            "source": {
                "type": "git",
                "url": "https://github.com/symfony/polyfill-mbstring.git",
                "reference": "7b4aab9743c30be783b73de055d24a39cf4b954f"
            },
            "dist": {
                "type": "zip",
                "url": "https://api.github.com/repos/symfony/polyfill-mbstring/zipball/7b4aab9743c30be783b73de055d24a39cf4b954f",
                "reference": "7b4aab9743c30be783b73de055d24a39cf4b954f",
                "shasum": ""
            },
            "require": {
                "php": ">=5.3.3"
            },
            "suggest": {
                "ext-mbstring": "For best performance"
            },
            "type": "library",
            "extra": {
                "branch-alias": {
                    "dev-master": "1.13-dev"
                }
            },
            "autoload": {
                "psr-4": {
                    "Symfony\\Polyfill\\Mbstring\\": ""
                },
                "files": [
                    "bootstrap.php"
                ]
            },
            "notification-url": "https://packagist.org/downloads/",
            "license": [
                "MIT"
            ],
            "authors": [
                {
                    "name": "Nicolas Grekas",
                    "email": "p@tchwork.com"
                },
                {
                    "name": "Symfony Community",
                    "homepage": "https://symfony.com/contributors"
                }
            ],
            "description": "Symfony polyfill for the Mbstring extension",
            "homepage": "https://symfony.com",
            "keywords": [
                "compatibility",
                "mbstring",
                "polyfill",
                "portable",
                "shim"
            ],
            "time": "2019-11-27T14:18:11+00:00"
        },
        {
            "name": "symfony/var-dumper",
            "version": "3.4.x-dev",
            "source": {
                "type": "git",
                "url": "https://github.com/symfony/var-dumper.git",
                "reference": "569e261461600810845a8305ca3f64abd3e712c0"
            },
            "dist": {
                "type": "zip",
                "url": "https://api.github.com/repos/symfony/var-dumper/zipball/569e261461600810845a8305ca3f64abd3e712c0",
                "reference": "569e261461600810845a8305ca3f64abd3e712c0",
                "shasum": ""
            },
            "require": {
                "php": "^5.5.9|>=7.0.8",
                "symfony/polyfill-mbstring": "~1.0"
            },
            "conflict": {
                "phpunit/phpunit": "<4.8.35|<5.4.3,>=5.0"
            },
            "require-dev": {
                "ext-iconv": "*",
                "twig/twig": "~1.34|~2.4"
            },
            "suggest": {
                "ext-iconv": "To convert non-UTF-8 strings to UTF-8 (or symfony/polyfill-iconv in case ext-iconv cannot be used).",
                "ext-intl": "To show region name in time zone dump",
                "ext-symfony_debug": ""
            },
            "type": "library",
            "extra": {
                "branch-alias": {
                    "dev-master": "3.4-dev"
                }
            },
            "autoload": {
                "files": [
                    "Resources/functions/dump.php"
                ],
                "psr-4": {
                    "Symfony\\Component\\VarDumper\\": ""
                },
                "exclude-from-classmap": [
                    "/Tests/"
                ]
            },
            "notification-url": "https://packagist.org/downloads/",
            "license": [
                "MIT"
            ],
            "authors": [
                {
                    "name": "Nicolas Grekas",
                    "email": "p@tchwork.com"
                },
                {
                    "name": "Symfony Community",
                    "homepage": "https://symfony.com/contributors"
                }
            ],
            "description": "Symfony mechanism for exploring and dumping PHP variables",
            "homepage": "https://symfony.com",
            "keywords": [
                "debug",
                "dump"
            ],
            "time": "2019-10-10T11:03:19+00:00"
        },
        {
            "name": "tightenco/collect",
            "version": "v5.5.48",
            "source": {
                "type": "git",
                "url": "https://github.com/tightenco/collect.git",
                "reference": "79e6bbf22da0e685c8122030374e5db953750b3b"
            },
            "dist": {
                "type": "zip",
                "url": "https://api.github.com/repos/tightenco/collect/zipball/79e6bbf22da0e685c8122030374e5db953750b3b",
                "reference": "79e6bbf22da0e685c8122030374e5db953750b3b",
                "shasum": ""
            },
            "require": {
                "php": ">=7.0",
                "symfony/var-dumper": "~3.3"
            },
            "require-dev": {
                "mockery/mockery": "~1.0",
                "nesbot/carbon": "^1.26.3",
                "phpunit/phpunit": "~6.0"
            },
            "type": "library",
            "autoload": {
                "files": [
                    "src/Collect/Support/helpers.php",
                    "src/Collect/Support/alias.php"
                ],
                "psr-4": {
                    "Tightenco\\Collect\\": "src/Collect"
                }
            },
            "notification-url": "https://packagist.org/downloads/",
            "license": [
                "MIT"
            ],
            "authors": [
                {
                    "name": "Taylor Otwell",
                    "email": "taylorotwell@gmail.com"
                }
            ],
            "description": "Collect - Illuminate Collections as a separate package.",
            "keywords": [
                "collection",
                "laravel"
            ],
            "time": "2019-07-10T19:10:41+00:00"
        }
    ],
    "packages-dev": [],
    "aliases": [],
    "minimum-stability": "dev",
    "stability-flags": [],
    "prefer-stable": false,
    "prefer-lowest": false,
    "platform": [],
    "platform-dev": []
}
